// !$*UTF8*$!
{
	archiveVersion = 1;
	classes = {
	};
	objectVersion = 46;
	objects = {

/* Begin PBXBuildFile section */
		57CB83331ECAD34600B6EB54 /* AppDelegate.swift in Sources */ = {isa = PBXBuildFile; fileRef = 57CB83321ECAD34600B6EB54 /* AppDelegate.swift */; };
		57CB83351ECAD34600B6EB54 /* ViewController.swift in Sources */ = {isa = PBXBuildFile; fileRef = 57CB83341ECAD34600B6EB54 /* ViewController.swift */; };
		57CB83381ECAD34600B6EB54 /* Main.storyboard in Resources */ = {isa = PBXBuildFile; fileRef = 57CB83361ECAD34600B6EB54 /* Main.storyboard */; };
		57CB833A1ECAD34600B6EB54 /* Assets.xcassets in Resources */ = {isa = PBXBuildFile; fileRef = 57CB83391ECAD34600B6EB54 /* Assets.xcassets */; };
		57CB833D1ECAD34600B6EB54 /* LaunchScreen.storyboard in Resources */ = {isa = PBXBuildFile; fileRef = 57CB833B1ECAD34600B6EB54 /* LaunchScreen.storyboard */; };
/* End PBXBuildFile section */

/* Begin PBXFileReference section */
		57CB832F1ECAD34600B6EB54 /* MyOkashi.app */ = {isa = PBXFileReference; explicitFileType = wrapper.application; includeInIndex = 0; path = MyOkashi.app; sourceTree = BUILT_PRODUCTS_DIR; };
		57CB83321ECAD34600B6EB54 /* AppDelegate.swift */ = {isa = PBXFileReference; lastKnownFileType = sourcecode.swift; path = AppDelegate.swift; sourceTree = "<group>"; };
		57CB83341ECAD34600B6EB54 /* ViewController.swift */ = {isa = PBXFileReference; lastKnownFileType = sourcecode.swift; path = ViewController.swift; sourceTree = "<group>"; };
		57CB83371ECAD34600B6EB54 /* Base */ = {isa = PBXFileReference; lastKnownFileType = file.storyboard; name = Base; path = Base.lproj/Main.storyboard; sourceTree = "<group>"; };
		57CB83391ECAD34600B6EB54 /* Assets.xcassets */ = {isa = PBXFileReference; lastKnownFileType = folder.assetcatalog; path = Assets.xcassets; sourceTree = "<group>"; };
		57CB833C1ECAD34600B6EB54 /* Base */ = {isa = PBXFileReference; lastKnownFileType = file.storyboard; name = Base; path = Base.lproj/LaunchScreen.storyboard; sourceTree = "<group>"; };
		57CB833E1ECAD34600B6EB54 /* Info.plist */ = {isa = PBXFileReference; lastKnownFileType = text.plist.xml; path = Info.plist; sourceTree = "<group>"; };
/* End PBXFileReference section */

/* Begin PBXFrameworksBuildPhase section */
		57CB832C1ECAD34600B6EB54 /* Frameworks */ = {
			isa = PBXFrameworksBuildPhase;
			buildActionMask = 2147483647;
			files = (
			);
			runOnlyForDeploymentPostprocessing = 0;
		};
/* End PBXFrameworksBuildPhase section */

/* Begin PBXGroup section */
		57CB83261ECAD34600B6EB54 = {
			isa = PBXGroup;
			children = (
				57CB83311ECAD34600B6EB54 /* MyOkashi */,
				57CB83301ECAD34600B6EB54 /* Products */,
			);
			sourceTree = "<group>";
		};
		57CB83301ECAD34600B6EB54 /* Products */ = {
			isa = PBXGroup;
			children = (
				57CB832F1ECAD34600B6EB54 /* MyOkashi.app */,
			);
			name = Products;
			sourceTree = "<group>";
		};
		57CB83311ECAD34600B6EB54 /* MyOkashi */ = {
			isa = PBXGroup;
			children = (
				57CB83321ECAD34600B6EB54 /* AppDelegate.swift */,
				57CB83341ECAD34600B6EB54 /* ViewController.swift */,
				57CB83361ECAD34600B6EB54 /* Main.storyboard */,
				57CB83391ECAD34600B6EB54 /* Assets.xcassets */,
				57CB833B1ECAD34600B6EB54 /* LaunchScreen.storyboard */,
				57CB833E1ECAD34600B6EB54 /* Info.plist */,
			);
			path = MyOkashi;
			sourceTree = "<group>";
		};
/* End PBXGroup section */

/* Begin PBXNativeTarget section */
		57CB832E1ECAD34600B6EB54 /* MyOkashi */ = {
			isa = PBXNativeTarget;
			buildConfigurationList = 57CB83411ECAD34600B6EB54 /* Build configuration list for PBXNativeTarget "MyOkashi" */;
			buildPhases = (
				57CB832B1ECAD34600B6EB54 /* Sources */,
				57CB832C1ECAD34600B6EB54 /* Frameworks */,
				57CB832D1ECAD34600B6EB54 /* Resources */,
			);
			buildRules = (
			);
			dependencies = (
			);
			name = MyOkashi;
			productName = MyOkashi;
			productReference = 57CB832F1ECAD34600B6EB54 /* MyOkashi.app */;
			productType = "com.apple.product-type.application";
		};
/* End PBXNativeTarget section */

/* Begin PBXProject section */
		57CB83271ECAD34600B6EB54 /* Project object */ = {
			isa = PBXProject;
			attributes = {
				LastSwiftUpdateCheck = 0830;
				LastUpgradeCheck = 0830;
				ORGANIZATIONNAME = "Ippei SUZUKI";
				TargetAttributes = {
					57CB832E1ECAD34600B6EB54 = {
						CreatedOnToolsVersion = 8.3.2;
						DevelopmentTeam = D32NMNA4B7;
						ProvisioningStyle = Automatic;
					};
				};
			};
			buildConfigurationList = 57CB832A1ECAD34600B6EB54 /* Build configuration list for PBXProject "MyOkashi" */;
			compatibilityVersion = "Xcode 3.2";
			developmentRegion = English;
			hasScannedForEncodings = 0;
			knownRegions = (
				en,
				Base,
			);
			mainGroup = 57CB83261ECAD34600B6EB54;
			productRefGroup = 57CB83301ECAD34600B6EB54 /* Products */;
			projectDirPath = "";
			projectRoot = "";
			targets = (
				57CB832E1ECAD34600B6EB54 /* MyOkashi */,
			);
		};
/* End PBXProject section */

/* Begin PBXResourcesBuildPhase section */
		57CB832D1ECAD34600B6EB54 /* Resources */ = {
			isa = PBXResourcesBuildPhase;
			buildActionMask = 2147483647;
			files = (
				57CB833D1ECAD34600B6EB54 /* LaunchScreen.storyboard in Resources */,
				57CB833A1ECAD34600B6EB54 /* Assets.xcassets in Resources */,
				57CB83381ECAD34600B6EB54 /* Main.storyboard in Resources */,
			);
			runOnlyForDeploymentPostprocessing = 0;
		};
/* End PBXResourcesBuildPhase section */

/* Begin PBXSourcesBuildPhase section */
		57CB832B1ECAD34600B6EB54 /* Sources */ = {
			isa = PBXSourcesBuildPhase;
			buildActionMask = 2147483647;
			files = (
				57CB83351ECAD34600B6EB54 /* ViewController.swift in Sources */,
				57CB83331ECAD34600B6EB54 /* AppDelegate.swift in Sources */,
			);
			runOnlyForDeploymentPostprocessing = 0;
		};
/* End PBXSourcesBuildPhase section */

/* Begin PBXVariantGroup section */
		57CB83361ECAD34600B6EB54 /* Main.storyboard */ = {
			isa = PBXVariantGroup;
			children = (
				57CB83371ECAD34600B6EB54 /* Base */,
			);
			name = Main.storyboard;
			sourceTree = "<group>";
		};
		57CB833B1ECAD34600B6EB54 /* LaunchScreen.storyboard */ = {
			isa = PBXVariantGroup;
			children = (
				57CB833C1ECAD34600B6EB54 /* Base */,
			);
			name = LaunchScreen.storyboard;
			sourceTree = "<group>";
		};
/* End PBXVariantGroup section */

/* Begin XCBuildConfiguration section */
		57CB833F1ECAD34600B6EB54 /* Debug */ = {
			isa = XCBuildConfiguration;
			buildSettings = {
				ALWAYS_SEARCH_USER_PATHS = NO;
				CLANG_ANALYZER_NONNULL = YES;
				CLANG_ANALYZER_NUMBER_OBJECT_CONVERSION = YES_AGGRESSIVE;
				CLANG_CXX_LANGUAGE_STANDARD = "gnu++0x";
				CLANG_CXX_LIBRARY = "libc++";
				CLANG_ENABLE_MODULES = YES;
				CLANG_ENABLE_OBJC_ARC = YES;
				CLANG_WARN_BOOL_CONVERSION = YES;
				CLANG_WARN_CONSTANT_CONVERSION = YES;
				CLANG_WARN_DIRECT_OBJC_ISA_USAGE = YES_ERROR;
				CLANG_WARN_DOCUMENTATION_COMMENTS = YES;
				CLANG_WARN_EMPTY_BODY = YES;
				CLANG_WARN_ENUM_CONVERSION = YES;
				CLANG_WARN_INFINITE_RECURSION = YES;
				CLANG_WARN_INT_CONVERSION = YES;
				CLANG_WARN_OBJC_ROOT_CLASS = YES_ERROR;
				CLANG_WARN_SUSPICIOUS_MOVE = YES;
				CLANG_WARN_UNREACHABLE_CODE = YES;
				CLANG_WARN__DUPLICATE_METHOD_MATCH = YES;
				"CODE_SIGN_IDENTITY[sdk=iphoneos*]" = "iPhone Developer";
				COPY_PHASE_STRIP = NO;
				DEBUG_INFORMATION_FORMAT = dwarf;
				ENABLE_STRICT_OBJC_MSGSEND = YES;
				ENABLE_TESTABILITY = YES;
				GCC_C_LANGUAGE_STANDARD = gnu99;
				GCC_DYNAMIC_NO_PIC = NO;
				GCC_NO_COMMON_BLOCKS = YES;
				GCC_OPTIMIZATION_LEVEL = 0;
				GCC_PREPROCESSOR_DEFINITIONS = (
					"DEBUG=1",
					"$(inherited)",
				);
				GCC_WARN_64_TO_32_BIT_CONVERSION = YES;
				GCC_WARN_ABOUT_RETURN_TYPE = YES_ERROR;
				GCC_WARN_UNDECLARED_SELECTOR = YES;
				GCC_WARN_UNINITIALIZED_AUTOS = YES_AGGRESSIVE;
				GCC_WARN_UNUSED_FUNCTION = YES;
				GCC_WARN_UNUSED_VARIABLE = YES;
				IPHONEOS_DEPLOYMENT_TARGET = 10.3;
				MTL_ENABLE_DEBUG_INFO = YES;
				ONLY_ACTIVE_ARCH = YES;
				SDKROOT = iphoneos;
				SWIFT_ACTIVE_COMPILATION_CONDITIONS = DEBUG;
				SWIFT_OPTIMIZATION_LEVEL = "-Onone";
			};
			name = Debug;
		};
		57CB83401ECAD34600B6EB54 /* Release */ = {
			isa = XCBuildConfiguration;
			buildSettings = {
				ALWAYS_SEARCH_USER_PATHS = NO;
				CLANG_ANALYZER_NONNULL = YES;
				CLANG_ANALYZER_NUMBER_OBJECT_CONVERSION = YES_AGGRESSIVE;
				CLANG_CXX_LANGUAGE_STANDARD = "gnu++0x";
				CLANG_CXX_LIBRARY = "libc++";
				CLANG_ENABLE_MODULES = YES;
				CLANG_ENABLE_OBJC_ARC = YES;
				CLANG_WARN_BOOL_CONVERSION = YES;
				CLANG_WARN_CONSTANT_CONVERSION = YES;
				CLANG_WARN_DIRECT_OBJC_ISA_USAGE = YES_ERROR;
				CLANG_WARN_DOCUMENTATION_COMMENTS = YES;
				CLANG_WARN_EMPTY_BODY = YES;
				CLANG_WARN_ENUM_CONVERSION = YES;
				CLANG_WARN_INFINITE_RECURSION = YES;
				CLANG_WARN_INT_CONVERSION = YES;
				CLANG_WARN_OBJC_ROOT_CLASS = YES_ERROR;
				CLANG_WARN_SUSPICIOUS_MOVE = YES;
				CLANG_WARN_UNREACHABLE_CODE = YES;
				CLANG_WARN__DUPLICATE_METHOD_MATCH = YES;
				"CODE_SIGN_IDENTITY[sdk=iphoneos*]" = "iPhone Developer";
				COPY_PHASE_STRIP = NO;
				DEBUG_INFORMATION_FORMAT = "dwarf-with-dsym";
				ENABLE_NS_ASSERTIONS = NO;
				ENABLE_STRICT_OBJC_MSGSEND = YES;
				GCC_C_LANGUAGE_STANDARD = gnu99;
				GCC_NO_COMMON_BLOCKS = YES;
				GCC_WARN_64_TO_32_BIT_CONVERSION = YES;
				GCC_WARN_ABOUT_RETURN_TYPE = YES_ERROR;
				GCC_WARN_UNDECLARED_SELECTOR = YES;
				GCC_WARN_UNINITIALIZED_AUTOS = YES_AGGRESSIVE;
				GCC_WARN_UNUSED_FUNCTION = YES;
				GCC_WARN_UNUSED_VARIABLE = YES;
				IPHONEOS_DEPLOYMENT_TARGET = 10.3;
				MTL_ENABLE_DEBUG_INFO = NO;
				SDKROOT = iphoneos;
				SWIFT_OPTIMIZATION_LEVEL = "-Owholemodule";
				VALIDATE_PRODUCT = YES;
			};
			name = Release;
		};
		57CB83421ECAD34600B6EB54 /* Debug */ = {
			isa = XCBuildConfiguration;
			buildSettings = {
				ASSETCATALOG_COMPILER_APPICON_NAME = AppIcon;
				DEVELOPMENT_TEAM = D32NMNA4B7;
				INFOPLIST_FILE = MyOkashi/Info.plist;
				LD_RUNPATH_SEARCH_PATHS = "$(inherited) @executable_path/Frameworks";
				PRODUCT_BUNDLE_IDENTIFIER = ippei0605.MyOkashi;
				PRODUCT_NAME = "$(TARGET_NAME)";
				SWIFT_VERSION = 3.0;
			};
			name = Debug;
		};
		57CB83431ECAD34600B6EB54 /* Release */ = {
			isa = XCBuildConfiguration;
			buildSettings = {
				ASSETCATALOG_COMPILER_APPICON_NAME = AppIcon;
				DEVELOPMENT_TEAM = D32NMNA4B7;
				INFOPLIST_FILE = MyOkashi/Info.plist;
				LD_RUNPATH_SEARCH_PATHS = "$(inherited) @executable_path/Frameworks";
				PRODUCT_BUNDLE_IDENTIFIER = ippei0605.MyOkashi;
				PRODUCT_NAME = "$(TARGET_NAME)";
				SWIFT_VERSION = 3.0;
			};
			name = Release;
		};
/* End XCBuildConfiguration section */

/* Begin XCConfigurationList section */
		57CB832A1ECAD34600B6EB54 /* Build configuration list for PBXProject "MyOkashi" */ = {
			isa = XCConfigurationList;
			buildConfigurations = (
				57CB833F1ECAD34600B6EB54 /* Debug */,
				57CB83401ECAD34600B6EB54 /* Release */,
			);
			defaultConfigurationIsVisible = 0;
			defaultConfigurationName = Release;
		};
		57CB83411ECAD34600B6EB54 /* Build configuration list for PBXNativeTarget "MyOkashi" */ = {
			isa = XCConfigurationList;
			buildConfigurations = (
				57CB83421ECAD34600B6EB54 /* Debug */,
				57CB83431ECAD34600B6EB54 /* Release */,
			);
			defaultConfigurationIsVisible = 0;
		};
/* End XCConfigurationList section */
	};
	rootObject = 57CB83271ECAD34600B6EB54 /* Project object */;
}
